
Microsoft Visual Studio Solution File, Format Version 12.00
# Visual Studio Version 17
VisualStudioVersion = 17.4.33205.214
MinimumVisualStudioVersion = 10.0.40219.1
Project("{9A19103F-16F7-4668-BE54-9A1E7A4F7556}") = "01-OOP-Class", "1-OOP-Class\01-OOP-Class.csproj", "{19F687F0-CF19-4652-9B1A-30B095E602D6}"
EndProject
Project("{9A19103F-16F7-4668-BE54-9A1E7A4F7556}") = "02-OOP-PropertiesType", "2-OOP-PropertiesType\02-OOP-PropertiesType.csproj", "{CCF7ED7C-B778-4D40-9A3A-B2CDB82A8D9B}"
EndProject
Project("{9A19103F-16F7-4668-BE54-9A1E7A4F7556}") = "03-OOP-Inheritance", "3-OOP-Inheritance\03-OOP-Inheritance.csproj", "{E34DDF58-0681-4C1A-805B-8647D83FE814}"
EndProject
Project("{9A19103F-16F7-4668-BE54-9A1E7A4F7556}") = "04-OOP-InheritanceLAB", "4-OOP-InheritanceLAB\04-OOP-InheritanceLAB.csproj", "{A86A5710-3573-4C3A-B392-63E4A4601C6D}"
EndProject
Project("{9A19103F-16F7-4668-BE54-9A1E7A4F7556}") = "05-OOP-Polymorphism", "5-OOP-Polymorphism\05-OOP-Polymorphism.csproj", "{A7FC2DFC-9F6D-4290-B88F-7CE47157AEB9}"
EndProject
Project("{9A19103F-16F7-4668-BE54-9A1E7A4F7556}") = "06-OOP-Sealed", "6-OOP-Sealed\06-OOP-Sealed.csproj", "{AB4C4D36-B5F6-4255-8444-AF4AA4874DF9}"
EndProject
Project("{9A19103F-16F7-4668-BE54-9A1E7A4F7556}") = "07-OOP-Abstract", "7-OOP-Abstract\07-OOP-Abstract.csproj", "{DE1B4049-90AA-4657-9703-E3676FEF716B}"
EndProject
Project("{9A19103F-16F7-4668-BE54-9A1E7A4F7556}") = "08-OOP-AbstractLAB", "8-OOP-AbstractLAB\08-OOP-AbstractLAB.csproj", "{CB68CE9A-BC9A-4651-AC59-5A3387B3EFE5}"
EndProject
Project("{9A19103F-16F7-4668-BE54-9A1E7A4F7556}") = "09-OOP-Enum", "9-OOP-Enum\09-OOP-Enum.csproj", "{A2E2ECBA-4A43-4147-B0F6-36E25051AE4C}"
EndProject
Project("{9A19103F-16F7-4668-BE54-9A1E7A4F7556}") = "10-OOP-MaasBordroLAB", "10-OOP-MaasBordroLAB\10-OOP-MaasBordroLAB.csproj", "{4FC217EE-BC89-45BC-AA36-646E11078D75}"
EndProject
Project("{9A19103F-16F7-4668-BE54-9A1E7A4F7556}") = "11-OOP-Interface", "11-OOP-Interface\11-OOP-Interface.csproj", "{A2E41D59-3FF6-42BB-BCD4-E07CE7EAD34E}"
EndProject
Project("{9A19103F-16F7-4668-BE54-9A1E7A4F7556}") = "12-OOP-InterfaceLAB", "12-OOP-InterfaceLAB\12-OOP-InterfaceLAB.csproj", "{36E394CC-CD20-47D7-BFF1-584D9F11CFA5}"
EndProject
Project("{9A19103F-16F7-4668-BE54-9A1E7A4F7556}") = "13-OOP-InterfaceMail", "13-OOP-InterfaceMail\13-OOP-InterfaceMail.csproj", "{C6C6B03A-FE6A-4047-9B75-74F10BA43ABD}"
EndProject
Project("{9A19103F-16F7-4668-BE54-9A1E7A4F7556}") = "14-OOP-LooseTightlyCoupling", "14-OOP-LooseTightlyCoupling\14-OOP-LooseTightlyCoupling.csproj", "{B8257461-B76A-469A-8334-B8676CE81B65}"
EndProject
Project("{9A19103F-16F7-4668-BE54-9A1E7A4F7556}") = "15-OOP-Static", "15-OOP-Static\15-OOP-Static.csproj", "{395ADAF1-C330-4681-AD9B-5AB98E86D63A}"
EndProject
Project("{9A19103F-16F7-4668-BE54-9A1E7A4F7556}") = "16-OOP-Struct", "16-OOP-Struct\16-OOP-Struct.csproj", "{0E986535-84AD-42F3-B9BD-52C808EFB1CE}"
EndProject
Project("{9A19103F-16F7-4668-BE54-9A1E7A4F7556}") = "17-OOP-Delegate", "17-OOP-Delegate\17-OOP-Delegate.csproj", "{E66A8954-7871-4621-BF5C-9D7872991680}"
EndProject
Project("{9A19103F-16F7-4668-BE54-9A1E7A4F7556}") = "18-OOP-DelegateLAB", "18-OOP-DelegateLAB\18-OOP-DelegateLAB.csproj", "{3740889D-7953-4332-AB3A-2E4F78058118}"
EndProject
Project("{9A19103F-16F7-4668-BE54-9A1E7A4F7556}") = "19-OOP-Event", "19-OOP-Event\19-OOP-Event.csproj", "{E893E8E2-0D51-4DD7-944D-2B9BA73DA7EF}"
EndProject
Project("{9A19103F-16F7-4668-BE54-9A1E7A4F7556}") = "20-OOP-EventAraba", "20-OOP-EventAraba\20-OOP-EventAraba.csproj", "{540D1063-F32B-458E-ABAF-0D3AA76BEE99}"
EndProject
Project("{9A19103F-16F7-4668-BE54-9A1E7A4F7556}") = "21-OOP-Serialization", "21-OOP-Serialization\21-OOP-Serialization.csproj", "{2149AA5E-E576-43F4-9E67-DFF7C4AAD6B1}"
EndProject
Project("{9A19103F-16F7-4668-BE54-9A1E7A4F7556}") = "22-OOP-Generic", "22-OOP-Generic\22-OOP-Generic.csproj", "{71ADBCD5-0F66-4902-B9B9-319F3D8BCCC5}"
EndProject
Project("{9A19103F-16F7-4668-BE54-9A1E7A4F7556}") = "23-OOP-LABBankLib", "23-OOP-LABBankLib\23-OOP-LABBankLib.csproj", "{1590D5B9-8E6C-430E-8ACE-D6E744910A6F}"
EndProject
Project("{9A19103F-16F7-4668-BE54-9A1E7A4F7556}") = "24-OOP-LABBankUyg", "24-OOP-LABBankUyg\24-OOP-LABBankUyg.csproj", "{33EA738C-8914-4AC3-BF49-50FB26F82DEE}"
EndProject
Project("{9A19103F-16F7-4668-BE54-9A1E7A4F7556}") = "25-EF-DbDirst", "25-EF-DbDirst\25-EF-DbDirst.csproj", "{8388EECC-4B4D-4D28-B85D-70B6C36A9BE0}"
EndProject
Project("{9A19103F-16F7-4668-BE54-9A1E7A4F7556}") = "26-EF-TelefonRehberi", "26-EF-TelefonRehberi\26-EF-TelefonRehberi.csproj", "{594A723D-A073-4234-847E-12B4644DDAF8}"
EndProject
Project("{9A19103F-16F7-4668-BE54-9A1E7A4F7556}") = "27-EF-LinqQueryOperators", "27-EF-LinqQueryOperators\27-EF-LinqQueryOperators.csproj", "{AF636AC2-5B8A-45D2-B5FA-6C797E8FB982}"
EndProject
Project("{9A19103F-16F7-4668-BE54-9A1E7A4F7556}") = "28-EF-CodeFirstModelDbContextDbSet", "28-EF-CodeFirstModelDbContextDbSet\28-EF-CodeFirstModelDbContextDbSet.csproj", "{6733E2C1-39C0-40C2-8455-1CDD23A1F7D9}"
EndProject
Project("{9A19103F-16F7-4668-BE54-9A1E7A4F7556}") = "29-EF-CodeFirstModelDbContextApplication", "29-EF-CodeFirstModelDbContextApplication\29-EF-CodeFirstModelDbContextApplication.csproj", "{7AABD5BB-D666-42CE-9EFC-5EF2222FB235}"
EndProject
Project("{9A19103F-16F7-4668-BE54-9A1E7A4F7556}") = "30-EF-Inheritance", "30-EF-Inheritance\30-EF-Inheritance.csproj", "{23A5E7B6-454D-4C2E-8742-C2C4462DD974}"
EndProject
Project("{9A19103F-16F7-4668-BE54-9A1E7A4F7556}") = "31-EF-DataAnnotationFluentAPI", "31-EF-DataAnnotationFluentAPI\31-EF-DataAnnotationFluentAPI.csproj", "{A750990D-20F9-4557-B968-C90FD6975263}"
EndProject
Project("{9A19103F-16F7-4668-BE54-9A1E7A4F7556}") = "32-EF-DataAnnotationFluentAPI-Example", "32-EF-DataAnnotationFluentAPI-Example\32-EF-DataAnnotationFluentAPI-Example.csproj", "{98884BA3-D32B-4781-9B9D-8487050A7DE9}"
EndProject
Project("{9A19103F-16F7-4668-BE54-9A1E7A4F7556}") = "33-EF-LifeCycleTrackingSeedData", "33-EF-LifeCycleTrackingSeedData\33-EF-LifeCycleTrackingSeedData.csproj", "{FC074362-EA0C-4D52-AE5C-FD4DE039320B}"
EndProject
Project("{2150E333-8FDC-42A3-9474-1A3956D46DE8}") = "34-EF-NLayerMovie", "34-EF-NLayerMovie", "{609B0373-8F45-44F4-B245-8A683936AF5A}"
EndProject
Project("{9A19103F-16F7-4668-BE54-9A1E7A4F7556}") = "Movie.DATA", "Movie\Movie.DATA.csproj", "{121D2654-6A22-46A2-9761-559E563ED4CA}"
EndProject
Project("{9A19103F-16F7-4668-BE54-9A1E7A4F7556}") = "Movie.DAL", "Movie.DAL\Movie.DAL.csproj", "{884584F1-5640-42D9-A9E1-5E4E58EEE139}"
EndProject
Project("{9A19103F-16F7-4668-BE54-9A1E7A4F7556}") = "Movie.UI", "Movie.UI\Movie.UI.csproj", "{543B23FF-B94A-4E00-828F-A0290B33EFFD}"
EndProject
Project("{2150E333-8FDC-42A3-9474-1A3956D46DE8}") = "35-EF-NlayerEvent", "35-EF-NlayerEvent", "{0845C3FC-B8CD-429E-AB86-2E3EB312FC56}"
EndProject
Project("{9A19103F-16F7-4668-BE54-9A1E7A4F7556}") = "EventProject.Core", "EventCore\EventProject.Core.csproj", "{0C5A5A45-E8C7-4C69-84A1-E59D4876CE02}"
EndProject
Project("{9A19103F-16F7-4668-BE54-9A1E7A4F7556}") = "EventProject.Repository", "EventProject.Repository\EventProject.Repository.csproj", "{6D2C21E3-507C-4B11-BB03-667178D8D81A}"
EndProject
Project("{9A19103F-16F7-4668-BE54-9A1E7A4F7556}") = "EventProject.Service", "EventProject.Service\EventProject.Service.csproj", "{7624E255-63A1-4674-9695-A4245D6AB29C}"
EndProject
Project("{9A19103F-16F7-4668-BE54-9A1E7A4F7556}") = "EventProject.ConsoleApp", "EventProject.ConsoleApp\EventProject.ConsoleApp.csproj", "{9E1D31AE-C0C2-4F83-A6A6-D313874D6D00}"
EndProject
Project("{2150E333-8FDC-42A3-9474-1A3956D46DE8}") = "36-EF-BookStoreFE", "36-EF-BookStoreFE", "{A48C5BB2-ED93-49ED-B33F-BD88EB7F70B7}"
EndProject
Project("{9A19103F-16F7-4668-BE54-9A1E7A4F7556}") = "BookStore.Core", "BookStore.Core\BookStore.Core.csproj", "{0D099F3A-C280-47D3-BB1F-36F634A20DB0}"
EndProject
Project("{9A19103F-16F7-4668-BE54-9A1E7A4F7556}") = "BookStore.Repository", "BookStore.Repository\BookStore.Repository.csproj", "{D4A1E1D1-E80D-4DD1-AF3E-5A5BE7E5BFDA}"
EndProject
Project("{9A19103F-16F7-4668-BE54-9A1E7A4F7556}") = "BookStore.Consoles", "BookStore.Console\BookStore.Consoles.csproj", "{EDA1399D-D141-4095-85A0-7A14E1FE073F}"
EndProject
Project("{9A19103F-16F7-4668-BE54-9A1E7A4F7556}") = "37-MVC-FirstWebPage", "37-MVC-FirstWebPage\37-MVC-FirstWebPage.csproj", "{8617F0F3-8D03-4168-9934-CCF64D548644}"
EndProject
Project("{9A19103F-16F7-4668-BE54-9A1E7A4F7556}") = "38-MVC-Controller", "38-MVC-Controller\38-MVC-Controller.csproj", "{2FC2468F-F1A6-4ACB-BA85-0CE20FFE3AD9}"
EndProject
Project("{9A19103F-16F7-4668-BE54-9A1E7A4F7556}") = "39-MVC-Views", "39-MVC-Views\39-MVC-Views.csproj", "{6BCF3A25-B9AC-4EDD-AE58-37365DD063DD}"
EndProject
Project("{9A19103F-16F7-4668-BE54-9A1E7A4F7556}") = "40-MVC-TempData", "40-MVC-TempData\40-MVC-TempData.csproj", "{D5C4D851-F55A-4E02-949F-F3A48026AA0E}"
EndProject
Project("{9A19103F-16F7-4668-BE54-9A1E7A4F7556}") = "41-MVC-ViewModel", "41-MVC-ViewModel\41-MVC-ViewModel.csproj", "{0EE0C842-A2F8-4384-A132-74D12AD8F801}"
EndProject
Project("{9A19103F-16F7-4668-BE54-9A1E7A4F7556}") = "42-MVC-VM2-Futbolcu", "42-MVC-VM2-Futbolcu\42-MVC-VM2-Futbolcu.csproj", "{564B5A7E-615E-4528-925E-ACEC5DFA04A9}"
EndProject
Project("{9A19103F-16F7-4668-BE54-9A1E7A4F7556}") = "43-MVC-Validation", "42-MVC-Validation\43-MVC-Validation.csproj", "{E5A4B90D-3AD9-4F8B-AB1C-0F9472512063}"
EndProject
Project("{9A19103F-16F7-4668-BE54-9A1E7A4F7556}") = "44-MVC-Routing", "44-MVC-Routing\44-MVC-Routing.csproj", "{14371E75-8B18-4C97-AF11-C86513F5A2E3}"
EndProject
Project("{9A19103F-16F7-4668-BE54-9A1E7A4F7556}") = "45-MVC-StateManagment", "45-MVC-StateManagment\45-MVC-StateManagment.csproj", "{874F51A7-F08C-43C3-B9A8-BB70B0264A2A}"
EndProject
Project("{9A19103F-16F7-4668-BE54-9A1E7A4F7556}") = "46-MVC-Entity", "46-MVC-Entity\46-MVC-Entity.csproj", "{4EA172AF-A4DC-4DCB-BD63-8C672B650674}"
EndProject
Project("{9A19103F-16F7-4668-BE54-9A1E7A4F7556}") = "47-MVC-OptionsPattern", "47-MVC-OptionsPattern\47-MVC-OptionsPattern.csproj", "{5E33FB3D-0A87-4F01-9AEA-7C5A53410ADA}"
EndProject
Project("{9A19103F-16F7-4668-BE54-9A1E7A4F7556}") = "48-MVC-DependencyInjection", "48-MVC-DependencyInjection\48-MVC-DependencyInjection.csproj", "{438947FB-5130-4430-A3B9-DB796AAB9AA5}"
EndProject
Project("{9A19103F-16F7-4668-BE54-9A1E7A4F7556}") = "49-MVC-Etrade", "49-MVC-Etrade\49-MVC-Etrade.csproj", "{AF4F851C-C178-43DC-96D4-451A71855F77}"
EndProject
Project("{9A19103F-16F7-4668-BE54-9A1E7A4F7556}") = "50-ASENKRON-Programlama", "50-ASENKRON-Programlama\50-ASENKRON-Programlama.csproj", "{00D1126B-9C98-4C6D-8370-56CBDF7BDEC1}"
EndProject
Project("{9A19103F-16F7-4668-BE54-9A1E7A4F7556}") = "51-TASK-Kullanimi", "51-TASK-Kullanimi\51-TASK-Kullanimi.csproj", "{B1769C6A-FF2E-4FD8-B398-2A2F9E2014F5}"
EndProject
Project("{9A19103F-16F7-4668-BE54-9A1E7A4F7556}") = "52-WEB-Identity", "52-WEB-Identity\52-WEB-Identity.csproj", "{FF00133F-6FEA-4260-B444-EE1508F2D0C6}"
EndProject
Project("{9A19103F-16F7-4668-BE54-9A1E7A4F7556}") = "53-WEB-IdentityRole", "53-WEB-IdentityRole\53-WEB-IdentityRole.csproj", "{292F462D-7FCF-44D9-BC2A-483DED6AFB55}"
EndProject
Project("{9A19103F-16F7-4668-BE54-9A1E7A4F7556}") = "54-API-Introduction", "54-API-Introduction\54-API-Introduction.csproj", "{54225905-659D-4CEF-8DB1-1343111B2FD5}"
EndProject
Project("{2150E333-8FDC-42A3-9474-1A3956D46DE8}") = "54-API-NLayer-Entity", "54-API-NLayer-Entity", "{C9D2D6DA-6E8D-4E51-BD40-F3094B63FD5A}"
EndProject
Project("{9A19103F-16F7-4668-BE54-9A1E7A4F7556}") = "APIProject.Entities", "APIProject.Entities\APIProject.Entities.csproj", "{A4D59D72-4ED4-4079-9417-6B8F28C7B677}"
EndProject
Project("{9A19103F-16F7-4668-BE54-9A1E7A4F7556}") = "APIProject.Repository", "APIProject.Repository\APIProject.Repository.csproj", "{6C74388F-14E5-4FAE-AEC5-3F8E285AFB1C}"
EndProject
Project("{9A19103F-16F7-4668-BE54-9A1E7A4F7556}") = "APIProject.Services", "APIProject.Services\APIProject.Services.csproj", "{A07C62CA-5C98-4E01-A218-DE340C10ABBD}"
EndProject
Project("{9A19103F-16F7-4668-BE54-9A1E7A4F7556}") = "APIProject.API", "APIProject.API\APIProject.API.csproj", "{EE0208B8-EF26-448F-9396-6FCC6DBC03E5}"
EndProject
Project("{FAE04EC0-301F-11D3-BF4B-00C04F79EFBC}") = "55-API-JWT-Authentication", "55-API-JWT-Authentication\55-API-JWT-Authentication.csproj", "{07033013-1AD2-42AB-934D-1B5151C2EDA9}"
EndProject
Global
	GlobalSection(SolutionConfigurationPlatforms) = preSolution
		Debug|Any CPU = Debug|Any CPU
		Release|Any CPU = Release|Any CPU
	EndGlobalSection
	GlobalSection(ProjectConfigurationPlatforms) = postSolution
		{19F687F0-CF19-4652-9B1A-30B095E602D6}.Debug|Any CPU.ActiveCfg = Debug|Any CPU
		{19F687F0-CF19-4652-9B1A-30B095E602D6}.Debug|Any CPU.Build.0 = Debug|Any CPU
		{19F687F0-CF19-4652-9B1A-30B095E602D6}.Release|Any CPU.ActiveCfg = Release|Any CPU
		{19F687F0-CF19-4652-9B1A-30B095E602D6}.Release|Any CPU.Build.0 = Release|Any CPU
		{CCF7ED7C-B778-4D40-9A3A-B2CDB82A8D9B}.Debug|Any CPU.ActiveCfg = Debug|Any CPU
		{CCF7ED7C-B778-4D40-9A3A-B2CDB82A8D9B}.Debug|Any CPU.Build.0 = Debug|Any CPU
		{CCF7ED7C-B778-4D40-9A3A-B2CDB82A8D9B}.Release|Any CPU.ActiveCfg = Release|Any CPU
		{CCF7ED7C-B778-4D40-9A3A-B2CDB82A8D9B}.Release|Any CPU.Build.0 = Release|Any CPU
		{E34DDF58-0681-4C1A-805B-8647D83FE814}.Debug|Any CPU.ActiveCfg = Debug|Any CPU
		{E34DDF58-0681-4C1A-805B-8647D83FE814}.Debug|Any CPU.Build.0 = Debug|Any CPU
		{E34DDF58-0681-4C1A-805B-8647D83FE814}.Release|Any CPU.ActiveCfg = Release|Any CPU
		{E34DDF58-0681-4C1A-805B-8647D83FE814}.Release|Any CPU.Build.0 = Release|Any CPU
		{A86A5710-3573-4C3A-B392-63E4A4601C6D}.Debug|Any CPU.ActiveCfg = Debug|Any CPU
		{A86A5710-3573-4C3A-B392-63E4A4601C6D}.Debug|Any CPU.Build.0 = Debug|Any CPU
		{A86A5710-3573-4C3A-B392-63E4A4601C6D}.Release|Any CPU.ActiveCfg = Release|Any CPU
		{A86A5710-3573-4C3A-B392-63E4A4601C6D}.Release|Any CPU.Build.0 = Release|Any CPU
		{A7FC2DFC-9F6D-4290-B88F-7CE47157AEB9}.Debug|Any CPU.ActiveCfg = Debug|Any CPU
		{A7FC2DFC-9F6D-4290-B88F-7CE47157AEB9}.Debug|Any CPU.Build.0 = Debug|Any CPU
		{A7FC2DFC-9F6D-4290-B88F-7CE47157AEB9}.Release|Any CPU.ActiveCfg = Release|Any CPU
		{A7FC2DFC-9F6D-4290-B88F-7CE47157AEB9}.Release|Any CPU.Build.0 = Release|Any CPU
		{AB4C4D36-B5F6-4255-8444-AF4AA4874DF9}.Debug|Any CPU.ActiveCfg = Debug|Any CPU
		{AB4C4D36-B5F6-4255-8444-AF4AA4874DF9}.Debug|Any CPU.Build.0 = Debug|Any CPU
		{AB4C4D36-B5F6-4255-8444-AF4AA4874DF9}.Release|Any CPU.ActiveCfg = Release|Any CPU
		{AB4C4D36-B5F6-4255-8444-AF4AA4874DF9}.Release|Any CPU.Build.0 = Release|Any CPU
		{DE1B4049-90AA-4657-9703-E3676FEF716B}.Debug|Any CPU.ActiveCfg = Debug|Any CPU
		{DE1B4049-90AA-4657-9703-E3676FEF716B}.Debug|Any CPU.Build.0 = Debug|Any CPU
		{DE1B4049-90AA-4657-9703-E3676FEF716B}.Release|Any CPU.ActiveCfg = Release|Any CPU
		{DE1B4049-90AA-4657-9703-E3676FEF716B}.Release|Any CPU.Build.0 = Release|Any CPU
		{CB68CE9A-BC9A-4651-AC59-5A3387B3EFE5}.Debug|Any CPU.ActiveCfg = Debug|Any CPU
		{CB68CE9A-BC9A-4651-AC59-5A3387B3EFE5}.Debug|Any CPU.Build.0 = Debug|Any CPU
		{CB68CE9A-BC9A-4651-AC59-5A3387B3EFE5}.Release|Any CPU.ActiveCfg = Release|Any CPU
		{CB68CE9A-BC9A-4651-AC59-5A3387B3EFE5}.Release|Any CPU.Build.0 = Release|Any CPU
		{A2E2ECBA-4A43-4147-B0F6-36E25051AE4C}.Debug|Any CPU.ActiveCfg = Debug|Any CPU
		{A2E2ECBA-4A43-4147-B0F6-36E25051AE4C}.Debug|Any CPU.Build.0 = Debug|Any CPU
		{A2E2ECBA-4A43-4147-B0F6-36E25051AE4C}.Release|Any CPU.ActiveCfg = Release|Any CPU
		{A2E2ECBA-4A43-4147-B0F6-36E25051AE4C}.Release|Any CPU.Build.0 = Release|Any CPU
		{4FC217EE-BC89-45BC-AA36-646E11078D75}.Debug|Any CPU.ActiveCfg = Debug|Any CPU
		{4FC217EE-BC89-45BC-AA36-646E11078D75}.Debug|Any CPU.Build.0 = Debug|Any CPU
		{4FC217EE-BC89-45BC-AA36-646E11078D75}.Release|Any CPU.ActiveCfg = Release|Any CPU
		{4FC217EE-BC89-45BC-AA36-646E11078D75}.Release|Any CPU.Build.0 = Release|Any CPU
		{A2E41D59-3FF6-42BB-BCD4-E07CE7EAD34E}.Debug|Any CPU.ActiveCfg = Debug|Any CPU
		{A2E41D59-3FF6-42BB-BCD4-E07CE7EAD34E}.Debug|Any CPU.Build.0 = Debug|Any CPU
		{A2E41D59-3FF6-42BB-BCD4-E07CE7EAD34E}.Release|Any CPU.ActiveCfg = Release|Any CPU
		{A2E41D59-3FF6-42BB-BCD4-E07CE7EAD34E}.Release|Any CPU.Build.0 = Release|Any CPU
		{36E394CC-CD20-47D7-BFF1-584D9F11CFA5}.Debug|Any CPU.ActiveCfg = Debug|Any CPU
		{36E394CC-CD20-47D7-BFF1-584D9F11CFA5}.Debug|Any CPU.Build.0 = Debug|Any CPU
		{36E394CC-CD20-47D7-BFF1-584D9F11CFA5}.Release|Any CPU.ActiveCfg = Release|Any CPU
		{36E394CC-CD20-47D7-BFF1-584D9F11CFA5}.Release|Any CPU.Build.0 = Release|Any CPU
		{C6C6B03A-FE6A-4047-9B75-74F10BA43ABD}.Debug|Any CPU.ActiveCfg = Debug|Any CPU
		{C6C6B03A-FE6A-4047-9B75-74F10BA43ABD}.Debug|Any CPU.Build.0 = Debug|Any CPU
		{C6C6B03A-FE6A-4047-9B75-74F10BA43ABD}.Release|Any CPU.ActiveCfg = Release|Any CPU
		{C6C6B03A-FE6A-4047-9B75-74F10BA43ABD}.Release|Any CPU.Build.0 = Release|Any CPU
		{B8257461-B76A-469A-8334-B8676CE81B65}.Debug|Any CPU.ActiveCfg = Debug|Any CPU
		{B8257461-B76A-469A-8334-B8676CE81B65}.Debug|Any CPU.Build.0 = Debug|Any CPU
		{B8257461-B76A-469A-8334-B8676CE81B65}.Release|Any CPU.ActiveCfg = Release|Any CPU
		{B8257461-B76A-469A-8334-B8676CE81B65}.Release|Any CPU.Build.0 = Release|Any CPU
		{395ADAF1-C330-4681-AD9B-5AB98E86D63A}.Debug|Any CPU.ActiveCfg = Debug|Any CPU
		{395ADAF1-C330-4681-AD9B-5AB98E86D63A}.Debug|Any CPU.Build.0 = Debug|Any CPU
		{395ADAF1-C330-4681-AD9B-5AB98E86D63A}.Release|Any CPU.ActiveCfg = Release|Any CPU
		{395ADAF1-C330-4681-AD9B-5AB98E86D63A}.Release|Any CPU.Build.0 = Release|Any CPU
		{0E986535-84AD-42F3-B9BD-52C808EFB1CE}.Debug|Any CPU.ActiveCfg = Debug|Any CPU
		{0E986535-84AD-42F3-B9BD-52C808EFB1CE}.Debug|Any CPU.Build.0 = Debug|Any CPU
		{0E986535-84AD-42F3-B9BD-52C808EFB1CE}.Release|Any CPU.ActiveCfg = Release|Any CPU
		{0E986535-84AD-42F3-B9BD-52C808EFB1CE}.Release|Any CPU.Build.0 = Release|Any CPU
		{E66A8954-7871-4621-BF5C-9D7872991680}.Debug|Any CPU.ActiveCfg = Debug|Any CPU
		{E66A8954-7871-4621-BF5C-9D7872991680}.Debug|Any CPU.Build.0 = Debug|Any CPU
		{E66A8954-7871-4621-BF5C-9D7872991680}.Release|Any CPU.ActiveCfg = Release|Any CPU
		{E66A8954-7871-4621-BF5C-9D7872991680}.Release|Any CPU.Build.0 = Release|Any CPU
		{3740889D-7953-4332-AB3A-2E4F78058118}.Debug|Any CPU.ActiveCfg = Debug|Any CPU
		{3740889D-7953-4332-AB3A-2E4F78058118}.Debug|Any CPU.Build.0 = Debug|Any CPU
		{3740889D-7953-4332-AB3A-2E4F78058118}.Release|Any CPU.ActiveCfg = Release|Any CPU
		{3740889D-7953-4332-AB3A-2E4F78058118}.Release|Any CPU.Build.0 = Release|Any CPU
		{E893E8E2-0D51-4DD7-944D-2B9BA73DA7EF}.Debug|Any CPU.ActiveCfg = Debug|Any CPU
		{E893E8E2-0D51-4DD7-944D-2B9BA73DA7EF}.Debug|Any CPU.Build.0 = Debug|Any CPU
		{E893E8E2-0D51-4DD7-944D-2B9BA73DA7EF}.Release|Any CPU.ActiveCfg = Release|Any CPU
		{E893E8E2-0D51-4DD7-944D-2B9BA73DA7EF}.Release|Any CPU.Build.0 = Release|Any CPU
		{540D1063-F32B-458E-ABAF-0D3AA76BEE99}.Debug|Any CPU.ActiveCfg = Debug|Any CPU
		{540D1063-F32B-458E-ABAF-0D3AA76BEE99}.Debug|Any CPU.Build.0 = Debug|Any CPU
		{540D1063-F32B-458E-ABAF-0D3AA76BEE99}.Release|Any CPU.ActiveCfg = Release|Any CPU
		{540D1063-F32B-458E-ABAF-0D3AA76BEE99}.Release|Any CPU.Build.0 = Release|Any CPU
		{2149AA5E-E576-43F4-9E67-DFF7C4AAD6B1}.Debug|Any CPU.ActiveCfg = Debug|Any CPU
		{2149AA5E-E576-43F4-9E67-DFF7C4AAD6B1}.Debug|Any CPU.Build.0 = Debug|Any CPU
		{2149AA5E-E576-43F4-9E67-DFF7C4AAD6B1}.Release|Any CPU.ActiveCfg = Release|Any CPU
		{2149AA5E-E576-43F4-9E67-DFF7C4AAD6B1}.Release|Any CPU.Build.0 = Release|Any CPU
		{71ADBCD5-0F66-4902-B9B9-319F3D8BCCC5}.Debug|Any CPU.ActiveCfg = Debug|Any CPU
		{71ADBCD5-0F66-4902-B9B9-319F3D8BCCC5}.Debug|Any CPU.Build.0 = Debug|Any CPU
		{71ADBCD5-0F66-4902-B9B9-319F3D8BCCC5}.Release|Any CPU.ActiveCfg = Release|Any CPU
		{71ADBCD5-0F66-4902-B9B9-319F3D8BCCC5}.Release|Any CPU.Build.0 = Release|Any CPU
		{1590D5B9-8E6C-430E-8ACE-D6E744910A6F}.Debug|Any CPU.ActiveCfg = Debug|Any CPU
		{1590D5B9-8E6C-430E-8ACE-D6E744910A6F}.Debug|Any CPU.Build.0 = Debug|Any CPU
		{1590D5B9-8E6C-430E-8ACE-D6E744910A6F}.Release|Any CPU.ActiveCfg = Release|Any CPU
		{1590D5B9-8E6C-430E-8ACE-D6E744910A6F}.Release|Any CPU.Build.0 = Release|Any CPU
		{33EA738C-8914-4AC3-BF49-50FB26F82DEE}.Debug|Any CPU.ActiveCfg = Debug|Any CPU
		{33EA738C-8914-4AC3-BF49-50FB26F82DEE}.Debug|Any CPU.Build.0 = Debug|Any CPU
		{33EA738C-8914-4AC3-BF49-50FB26F82DEE}.Release|Any CPU.ActiveCfg = Release|Any CPU
		{33EA738C-8914-4AC3-BF49-50FB26F82DEE}.Release|Any CPU.Build.0 = Release|Any CPU
		{8388EECC-4B4D-4D28-B85D-70B6C36A9BE0}.Debug|Any CPU.ActiveCfg = Debug|Any CPU
		{8388EECC-4B4D-4D28-B85D-70B6C36A9BE0}.Debug|Any CPU.Build.0 = Debug|Any CPU
		{8388EECC-4B4D-4D28-B85D-70B6C36A9BE0}.Release|Any CPU.ActiveCfg = Release|Any CPU
		{8388EECC-4B4D-4D28-B85D-70B6C36A9BE0}.Release|Any CPU.Build.0 = Release|Any CPU
		{594A723D-A073-4234-847E-12B4644DDAF8}.Debug|Any CPU.ActiveCfg = Debug|Any CPU
		{594A723D-A073-4234-847E-12B4644DDAF8}.Debug|Any CPU.Build.0 = Debug|Any CPU
		{594A723D-A073-4234-847E-12B4644DDAF8}.Release|Any CPU.ActiveCfg = Release|Any CPU
		{594A723D-A073-4234-847E-12B4644DDAF8}.Release|Any CPU.Build.0 = Release|Any CPU
		{AF636AC2-5B8A-45D2-B5FA-6C797E8FB982}.Debug|Any CPU.ActiveCfg = Debug|Any CPU
		{AF636AC2-5B8A-45D2-B5FA-6C797E8FB982}.Debug|Any CPU.Build.0 = Debug|Any CPU
		{AF636AC2-5B8A-45D2-B5FA-6C797E8FB982}.Release|Any CPU.ActiveCfg = Release|Any CPU
		{AF636AC2-5B8A-45D2-B5FA-6C797E8FB982}.Release|Any CPU.Build.0 = Release|Any CPU
		{6733E2C1-39C0-40C2-8455-1CDD23A1F7D9}.Debug|Any CPU.ActiveCfg = Debug|Any CPU
		{6733E2C1-39C0-40C2-8455-1CDD23A1F7D9}.Debug|Any CPU.Build.0 = Debug|Any CPU
		{6733E2C1-39C0-40C2-8455-1CDD23A1F7D9}.Release|Any CPU.ActiveCfg = Release|Any CPU
		{6733E2C1-39C0-40C2-8455-1CDD23A1F7D9}.Release|Any CPU.Build.0 = Release|Any CPU
		{7AABD5BB-D666-42CE-9EFC-5EF2222FB235}.Debug|Any CPU.ActiveCfg = Debug|Any CPU
		{7AABD5BB-D666-42CE-9EFC-5EF2222FB235}.Debug|Any CPU.Build.0 = Debug|Any CPU
		{7AABD5BB-D666-42CE-9EFC-5EF2222FB235}.Release|Any CPU.ActiveCfg = Release|Any CPU
		{7AABD5BB-D666-42CE-9EFC-5EF2222FB235}.Release|Any CPU.Build.0 = Release|Any CPU
		{23A5E7B6-454D-4C2E-8742-C2C4462DD974}.Debug|Any CPU.ActiveCfg = Debug|Any CPU
		{23A5E7B6-454D-4C2E-8742-C2C4462DD974}.Debug|Any CPU.Build.0 = Debug|Any CPU
		{23A5E7B6-454D-4C2E-8742-C2C4462DD974}.Release|Any CPU.ActiveCfg = Release|Any CPU
		{23A5E7B6-454D-4C2E-8742-C2C4462DD974}.Release|Any CPU.Build.0 = Release|Any CPU
		{A750990D-20F9-4557-B968-C90FD6975263}.Debug|Any CPU.ActiveCfg = Debug|Any CPU
		{A750990D-20F9-4557-B968-C90FD6975263}.Debug|Any CPU.Build.0 = Debug|Any CPU
		{A750990D-20F9-4557-B968-C90FD6975263}.Release|Any CPU.ActiveCfg = Release|Any CPU
		{A750990D-20F9-4557-B968-C90FD6975263}.Release|Any CPU.Build.0 = Release|Any CPU
		{98884BA3-D32B-4781-9B9D-8487050A7DE9}.Debug|Any CPU.ActiveCfg = Debug|Any CPU
		{98884BA3-D32B-4781-9B9D-8487050A7DE9}.Debug|Any CPU.Build.0 = Debug|Any CPU
		{98884BA3-D32B-4781-9B9D-8487050A7DE9}.Release|Any CPU.ActiveCfg = Release|Any CPU
		{98884BA3-D32B-4781-9B9D-8487050A7DE9}.Release|Any CPU.Build.0 = Release|Any CPU
		{FC074362-EA0C-4D52-AE5C-FD4DE039320B}.Debug|Any CPU.ActiveCfg = Debug|Any CPU
		{FC074362-EA0C-4D52-AE5C-FD4DE039320B}.Debug|Any CPU.Build.0 = Debug|Any CPU
		{FC074362-EA0C-4D52-AE5C-FD4DE039320B}.Release|Any CPU.ActiveCfg = Release|Any CPU
		{FC074362-EA0C-4D52-AE5C-FD4DE039320B}.Release|Any CPU.Build.0 = Release|Any CPU
		{121D2654-6A22-46A2-9761-559E563ED4CA}.Debug|Any CPU.ActiveCfg = Debug|Any CPU
		{121D2654-6A22-46A2-9761-559E563ED4CA}.Debug|Any CPU.Build.0 = Debug|Any CPU
		{121D2654-6A22-46A2-9761-559E563ED4CA}.Release|Any CPU.ActiveCfg = Release|Any CPU
		{121D2654-6A22-46A2-9761-559E563ED4CA}.Release|Any CPU.Build.0 = Release|Any CPU
		{884584F1-5640-42D9-A9E1-5E4E58EEE139}.Debug|Any CPU.ActiveCfg = Debug|Any CPU
		{884584F1-5640-42D9-A9E1-5E4E58EEE139}.Debug|Any CPU.Build.0 = Debug|Any CPU
		{884584F1-5640-42D9-A9E1-5E4E58EEE139}.Release|Any CPU.ActiveCfg = Release|Any CPU
		{884584F1-5640-42D9-A9E1-5E4E58EEE139}.Release|Any CPU.Build.0 = Release|Any CPU
		{543B23FF-B94A-4E00-828F-A0290B33EFFD}.Debug|Any CPU.ActiveCfg = Debug|Any CPU
		{543B23FF-B94A-4E00-828F-A0290B33EFFD}.Debug|Any CPU.Build.0 = Debug|Any CPU
		{543B23FF-B94A-4E00-828F-A0290B33EFFD}.Release|Any CPU.ActiveCfg = Release|Any CPU
		{543B23FF-B94A-4E00-828F-A0290B33EFFD}.Release|Any CPU.Build.0 = Release|Any CPU
		{0C5A5A45-E8C7-4C69-84A1-E59D4876CE02}.Debug|Any CPU.ActiveCfg = Debug|Any CPU
		{0C5A5A45-E8C7-4C69-84A1-E59D4876CE02}.Debug|Any CPU.Build.0 = Debug|Any CPU
		{0C5A5A45-E8C7-4C69-84A1-E59D4876CE02}.Release|Any CPU.ActiveCfg = Release|Any CPU
		{0C5A5A45-E8C7-4C69-84A1-E59D4876CE02}.Release|Any CPU.Build.0 = Release|Any CPU
		{6D2C21E3-507C-4B11-BB03-667178D8D81A}.Debug|Any CPU.ActiveCfg = Debug|Any CPU
		{6D2C21E3-507C-4B11-BB03-667178D8D81A}.Debug|Any CPU.Build.0 = Debug|Any CPU
		{6D2C21E3-507C-4B11-BB03-667178D8D81A}.Release|Any CPU.ActiveCfg = Release|Any CPU
		{6D2C21E3-507C-4B11-BB03-667178D8D81A}.Release|Any CPU.Build.0 = Release|Any CPU
		{7624E255-63A1-4674-9695-A4245D6AB29C}.Debug|Any CPU.ActiveCfg = Debug|Any CPU
		{7624E255-63A1-4674-9695-A4245D6AB29C}.Debug|Any CPU.Build.0 = Debug|Any CPU
		{7624E255-63A1-4674-9695-A4245D6AB29C}.Release|Any CPU.ActiveCfg = Release|Any CPU
		{7624E255-63A1-4674-9695-A4245D6AB29C}.Release|Any CPU.Build.0 = Release|Any CPU
		{9E1D31AE-C0C2-4F83-A6A6-D313874D6D00}.Debug|Any CPU.ActiveCfg = Debug|Any CPU
		{9E1D31AE-C0C2-4F83-A6A6-D313874D6D00}.Debug|Any CPU.Build.0 = Debug|Any CPU
		{9E1D31AE-C0C2-4F83-A6A6-D313874D6D00}.Release|Any CPU.ActiveCfg = Release|Any CPU
		{9E1D31AE-C0C2-4F83-A6A6-D313874D6D00}.Release|Any CPU.Build.0 = Release|Any CPU
		{0D099F3A-C280-47D3-BB1F-36F634A20DB0}.Debug|Any CPU.ActiveCfg = Debug|Any CPU
		{0D099F3A-C280-47D3-BB1F-36F634A20DB0}.Debug|Any CPU.Build.0 = Debug|Any CPU
		{0D099F3A-C280-47D3-BB1F-36F634A20DB0}.Release|Any CPU.ActiveCfg = Release|Any CPU
		{0D099F3A-C280-47D3-BB1F-36F634A20DB0}.Release|Any CPU.Build.0 = Release|Any CPU
		{D4A1E1D1-E80D-4DD1-AF3E-5A5BE7E5BFDA}.Debug|Any CPU.ActiveCfg = Debug|Any CPU
		{D4A1E1D1-E80D-4DD1-AF3E-5A5BE7E5BFDA}.Debug|Any CPU.Build.0 = Debug|Any CPU
		{D4A1E1D1-E80D-4DD1-AF3E-5A5BE7E5BFDA}.Release|Any CPU.ActiveCfg = Release|Any CPU
		{D4A1E1D1-E80D-4DD1-AF3E-5A5BE7E5BFDA}.Release|Any CPU.Build.0 = Release|Any CPU
		{EDA1399D-D141-4095-85A0-7A14E1FE073F}.Debug|Any CPU.ActiveCfg = Debug|Any CPU
		{EDA1399D-D141-4095-85A0-7A14E1FE073F}.Debug|Any CPU.Build.0 = Debug|Any CPU
		{EDA1399D-D141-4095-85A0-7A14E1FE073F}.Release|Any CPU.ActiveCfg = Release|Any CPU
		{EDA1399D-D141-4095-85A0-7A14E1FE073F}.Release|Any CPU.Build.0 = Release|Any CPU
		{8617F0F3-8D03-4168-9934-CCF64D548644}.Debug|Any CPU.ActiveCfg = Debug|Any CPU
		{8617F0F3-8D03-4168-9934-CCF64D548644}.Debug|Any CPU.Build.0 = Debug|Any CPU
		{8617F0F3-8D03-4168-9934-CCF64D548644}.Release|Any CPU.ActiveCfg = Release|Any CPU
		{8617F0F3-8D03-4168-9934-CCF64D548644}.Release|Any CPU.Build.0 = Release|Any CPU
		{2FC2468F-F1A6-4ACB-BA85-0CE20FFE3AD9}.Debug|Any CPU.ActiveCfg = Debug|Any CPU
		{2FC2468F-F1A6-4ACB-BA85-0CE20FFE3AD9}.Debug|Any CPU.Build.0 = Debug|Any CPU
		{2FC2468F-F1A6-4ACB-BA85-0CE20FFE3AD9}.Release|Any CPU.ActiveCfg = Release|Any CPU
		{2FC2468F-F1A6-4ACB-BA85-0CE20FFE3AD9}.Release|Any CPU.Build.0 = Release|Any CPU
		{6BCF3A25-B9AC-4EDD-AE58-37365DD063DD}.Debug|Any CPU.ActiveCfg = Debug|Any CPU
		{6BCF3A25-B9AC-4EDD-AE58-37365DD063DD}.Debug|Any CPU.Build.0 = Debug|Any CPU
		{6BCF3A25-B9AC-4EDD-AE58-37365DD063DD}.Release|Any CPU.ActiveCfg = Release|Any CPU
		{6BCF3A25-B9AC-4EDD-AE58-37365DD063DD}.Release|Any CPU.Build.0 = Release|Any CPU
		{D5C4D851-F55A-4E02-949F-F3A48026AA0E}.Debug|Any CPU.ActiveCfg = Debug|Any CPU
		{D5C4D851-F55A-4E02-949F-F3A48026AA0E}.Debug|Any CPU.Build.0 = Debug|Any CPU
		{D5C4D851-F55A-4E02-949F-F3A48026AA0E}.Release|Any CPU.ActiveCfg = Release|Any CPU
		{D5C4D851-F55A-4E02-949F-F3A48026AA0E}.Release|Any CPU.Build.0 = Release|Any CPU
		{0EE0C842-A2F8-4384-A132-74D12AD8F801}.Debug|Any CPU.ActiveCfg = Debug|Any CPU
		{0EE0C842-A2F8-4384-A132-74D12AD8F801}.Debug|Any CPU.Build.0 = Debug|Any CPU
		{0EE0C842-A2F8-4384-A132-74D12AD8F801}.Release|Any CPU.ActiveCfg = Release|Any CPU
		{0EE0C842-A2F8-4384-A132-74D12AD8F801}.Release|Any CPU.Build.0 = Release|Any CPU
		{564B5A7E-615E-4528-925E-ACEC5DFA04A9}.Debug|Any CPU.ActiveCfg = Debug|Any CPU
		{564B5A7E-615E-4528-925E-ACEC5DFA04A9}.Debug|Any CPU.Build.0 = Debug|Any CPU
		{564B5A7E-615E-4528-925E-ACEC5DFA04A9}.Release|Any CPU.ActiveCfg = Release|Any CPU
		{564B5A7E-615E-4528-925E-ACEC5DFA04A9}.Release|Any CPU.Build.0 = Release|Any CPU
		{E5A4B90D-3AD9-4F8B-AB1C-0F9472512063}.Debug|Any CPU.ActiveCfg = Debug|Any CPU
		{E5A4B90D-3AD9-4F8B-AB1C-0F9472512063}.Debug|Any CPU.Build.0 = Debug|Any CPU
		{E5A4B90D-3AD9-4F8B-AB1C-0F9472512063}.Release|Any CPU.ActiveCfg = Release|Any CPU
		{E5A4B90D-3AD9-4F8B-AB1C-0F9472512063}.Release|Any CPU.Build.0 = Release|Any CPU
		{14371E75-8B18-4C97-AF11-C86513F5A2E3}.Debug|Any CPU.ActiveCfg = Debug|Any CPU
		{14371E75-8B18-4C97-AF11-C86513F5A2E3}.Debug|Any CPU.Build.0 = Debug|Any CPU
		{14371E75-8B18-4C97-AF11-C86513F5A2E3}.Release|Any CPU.ActiveCfg = Release|Any CPU
		{14371E75-8B18-4C97-AF11-C86513F5A2E3}.Release|Any CPU.Build.0 = Release|Any CPU
		{874F51A7-F08C-43C3-B9A8-BB70B0264A2A}.Debug|Any CPU.ActiveCfg = Debug|Any CPU
		{874F51A7-F08C-43C3-B9A8-BB70B0264A2A}.Debug|Any CPU.Build.0 = Debug|Any CPU
		{874F51A7-F08C-43C3-B9A8-BB70B0264A2A}.Release|Any CPU.ActiveCfg = Release|Any CPU
		{874F51A7-F08C-43C3-B9A8-BB70B0264A2A}.Release|Any CPU.Build.0 = Release|Any CPU
		{4EA172AF-A4DC-4DCB-BD63-8C672B650674}.Debug|Any CPU.ActiveCfg = Debug|Any CPU
		{4EA172AF-A4DC-4DCB-BD63-8C672B650674}.Debug|Any CPU.Build.0 = Debug|Any CPU
		{4EA172AF-A4DC-4DCB-BD63-8C672B650674}.Release|Any CPU.ActiveCfg = Release|Any CPU
		{4EA172AF-A4DC-4DCB-BD63-8C672B650674}.Release|Any CPU.Build.0 = Release|Any CPU
		{5E33FB3D-0A87-4F01-9AEA-7C5A53410ADA}.Debug|Any CPU.ActiveCfg = Debug|Any CPU
		{5E33FB3D-0A87-4F01-9AEA-7C5A53410ADA}.Debug|Any CPU.Build.0 = Debug|Any CPU
		{5E33FB3D-0A87-4F01-9AEA-7C5A53410ADA}.Release|Any CPU.ActiveCfg = Release|Any CPU
		{5E33FB3D-0A87-4F01-9AEA-7C5A53410ADA}.Release|Any CPU.Build.0 = Release|Any CPU
		{438947FB-5130-4430-A3B9-DB796AAB9AA5}.Debug|Any CPU.ActiveCfg = Debug|Any CPU
		{438947FB-5130-4430-A3B9-DB796AAB9AA5}.Debug|Any CPU.Build.0 = Debug|Any CPU
		{438947FB-5130-4430-A3B9-DB796AAB9AA5}.Release|Any CPU.ActiveCfg = Release|Any CPU
		{438947FB-5130-4430-A3B9-DB796AAB9AA5}.Release|Any CPU.Build.0 = Release|Any CPU
		{AF4F851C-C178-43DC-96D4-451A71855F77}.Debug|Any CPU.ActiveCfg = Debug|Any CPU
		{AF4F851C-C178-43DC-96D4-451A71855F77}.Debug|Any CPU.Build.0 = Debug|Any CPU
		{AF4F851C-C178-43DC-96D4-451A71855F77}.Release|Any CPU.ActiveCfg = Release|Any CPU
		{AF4F851C-C178-43DC-96D4-451A71855F77}.Release|Any CPU.Build.0 = Release|Any CPU
		{00D1126B-9C98-4C6D-8370-56CBDF7BDEC1}.Debug|Any CPU.ActiveCfg = Debug|Any CPU
		{00D1126B-9C98-4C6D-8370-56CBDF7BDEC1}.Debug|Any CPU.Build.0 = Debug|Any CPU
		{00D1126B-9C98-4C6D-8370-56CBDF7BDEC1}.Release|Any CPU.ActiveCfg = Release|Any CPU
		{00D1126B-9C98-4C6D-8370-56CBDF7BDEC1}.Release|Any CPU.Build.0 = Release|Any CPU
		{B1769C6A-FF2E-4FD8-B398-2A2F9E2014F5}.Debug|Any CPU.ActiveCfg = Debug|Any CPU
		{B1769C6A-FF2E-4FD8-B398-2A2F9E2014F5}.Debug|Any CPU.Build.0 = Debug|Any CPU
		{B1769C6A-FF2E-4FD8-B398-2A2F9E2014F5}.Release|Any CPU.ActiveCfg = Release|Any CPU
		{B1769C6A-FF2E-4FD8-B398-2A2F9E2014F5}.Release|Any CPU.Build.0 = Release|Any CPU
		{FF00133F-6FEA-4260-B444-EE1508F2D0C6}.Debug|Any CPU.ActiveCfg = Debug|Any CPU
		{FF00133F-6FEA-4260-B444-EE1508F2D0C6}.Debug|Any CPU.Build.0 = Debug|Any CPU
		{FF00133F-6FEA-4260-B444-EE1508F2D0C6}.Release|Any CPU.ActiveCfg = Release|Any CPU
		{FF00133F-6FEA-4260-B444-EE1508F2D0C6}.Release|Any CPU.Build.0 = Release|Any CPU
		{292F462D-7FCF-44D9-BC2A-483DED6AFB55}.Debug|Any CPU.ActiveCfg = Debug|Any CPU
		{292F462D-7FCF-44D9-BC2A-483DED6AFB55}.Debug|Any CPU.Build.0 = Debug|Any CPU
		{292F462D-7FCF-44D9-BC2A-483DED6AFB55}.Release|Any CPU.ActiveCfg = Release|Any CPU
		{292F462D-7FCF-44D9-BC2A-483DED6AFB55}.Release|Any CPU.Build.0 = Release|Any CPU
		{54225905-659D-4CEF-8DB1-1343111B2FD5}.Debug|Any CPU.ActiveCfg = Debug|Any CPU
		{54225905-659D-4CEF-8DB1-1343111B2FD5}.Debug|Any CPU.Build.0 = Debug|Any CPU
		{54225905-659D-4CEF-8DB1-1343111B2FD5}.Release|Any CPU.ActiveCfg = Release|Any CPU
		{54225905-659D-4CEF-8DB1-1343111B2FD5}.Release|Any CPU.Build.0 = Release|Any CPU
		{A4D59D72-4ED4-4079-9417-6B8F28C7B677}.Debug|Any CPU.ActiveCfg = Debug|Any CPU
		{A4D59D72-4ED4-4079-9417-6B8F28C7B677}.Debug|Any CPU.Build.0 = Debug|Any CPU
		{A4D59D72-4ED4-4079-9417-6B8F28C7B677}.Release|Any CPU.ActiveCfg = Release|Any CPU
		{A4D59D72-4ED4-4079-9417-6B8F28C7B677}.Release|Any CPU.Build.0 = Release|Any CPU
		{6C74388F-14E5-4FAE-AEC5-3F8E285AFB1C}.Debug|Any CPU.ActiveCfg = Debug|Any CPU
		{6C74388F-14E5-4FAE-AEC5-3F8E285AFB1C}.Debug|Any CPU.Build.0 = Debug|Any CPU
		{6C74388F-14E5-4FAE-AEC5-3F8E285AFB1C}.Release|Any CPU.ActiveCfg = Release|Any CPU
		{6C74388F-14E5-4FAE-AEC5-3F8E285AFB1C}.Release|Any CPU.Build.0 = Release|Any CPU
		{A07C62CA-5C98-4E01-A218-DE340C10ABBD}.Debug|Any CPU.ActiveCfg = Debug|Any CPU
		{A07C62CA-5C98-4E01-A218-DE340C10ABBD}.Debug|Any CPU.Build.0 = Debug|Any CPU
		{A07C62CA-5C98-4E01-A218-DE340C10ABBD}.Release|Any CPU.ActiveCfg = Release|Any CPU
		{A07C62CA-5C98-4E01-A218-DE340C10ABBD}.Release|Any CPU.Build.0 = Release|Any CPU
		{EE0208B8-EF26-448F-9396-6FCC6DBC03E5}.Debug|Any CPU.ActiveCfg = Debug|Any CPU
		{EE0208B8-EF26-448F-9396-6FCC6DBC03E5}.Debug|Any CPU.Build.0 = Debug|Any CPU
		{EE0208B8-EF26-448F-9396-6FCC6DBC03E5}.Release|Any CPU.ActiveCfg = Release|Any CPU
		{EE0208B8-EF26-448F-9396-6FCC6DBC03E5}.Release|Any CPU.Build.0 = Release|Any CPU
		{07033013-1AD2-42AB-934D-1B5151C2EDA9}.Debug|Any CPU.ActiveCfg = Debug|Any CPU
		{07033013-1AD2-42AB-934D-1B5151C2EDA9}.Debug|Any CPU.Build.0 = Debug|Any CPU
		{07033013-1AD2-42AB-934D-1B5151C2EDA9}.Release|Any CPU.ActiveCfg = Release|Any CPU
		{07033013-1AD2-42AB-934D-1B5151C2EDA9}.Release|Any CPU.Build.0 = Release|Any CPU
	EndGlobalSection
	GlobalSection(SolutionProperties) = preSolution
		HideSolutionNode = FALSE
	EndGlobalSection
	GlobalSection(NestedProjects) = preSolution
		{121D2654-6A22-46A2-9761-559E563ED4CA} = {609B0373-8F45-44F4-B245-8A683936AF5A}
		{884584F1-5640-42D9-A9E1-5E4E58EEE139} = {609B0373-8F45-44F4-B245-8A683936AF5A}
		{543B23FF-B94A-4E00-828F-A0290B33EFFD} = {609B0373-8F45-44F4-B245-8A683936AF5A}
		{0C5A5A45-E8C7-4C69-84A1-E59D4876CE02} = {0845C3FC-B8CD-429E-AB86-2E3EB312FC56}
		{6D2C21E3-507C-4B11-BB03-667178D8D81A} = {0845C3FC-B8CD-429E-AB86-2E3EB312FC56}
		{7624E255-63A1-4674-9695-A4245D6AB29C} = {0845C3FC-B8CD-429E-AB86-2E3EB312FC56}
		{9E1D31AE-C0C2-4F83-A6A6-D313874D6D00} = {0845C3FC-B8CD-429E-AB86-2E3EB312FC56}
		{0D099F3A-C280-47D3-BB1F-36F634A20DB0} = {A48C5BB2-ED93-49ED-B33F-BD88EB7F70B7}
		{D4A1E1D1-E80D-4DD1-AF3E-5A5BE7E5BFDA} = {A48C5BB2-ED93-49ED-B33F-BD88EB7F70B7}
		{EDA1399D-D141-4095-85A0-7A14E1FE073F} = {A48C5BB2-ED93-49ED-B33F-BD88EB7F70B7}
		{A4D59D72-4ED4-4079-9417-6B8F28C7B677} = {C9D2D6DA-6E8D-4E51-BD40-F3094B63FD5A}
		{6C74388F-14E5-4FAE-AEC5-3F8E285AFB1C} = {C9D2D6DA-6E8D-4E51-BD40-F3094B63FD5A}
		{A07C62CA-5C98-4E01-A218-DE340C10ABBD} = {C9D2D6DA-6E8D-4E51-BD40-F3094B63FD5A}
		{EE0208B8-EF26-448F-9396-6FCC6DBC03E5} = {C9D2D6DA-6E8D-4E51-BD40-F3094B63FD5A}
	EndGlobalSection
	GlobalSection(ExtensibilityGlobals) = postSolution
		SolutionGuid = {702B4690-5B13-4A89-8F6E-E9CF8A5297DC}
	EndGlobalSection
EndGlobal
